
Microsoft Visual Studio Solution File, Format Version 12.00
# Visual Studio Version 17
VisualStudioVersion = 17.8.34525.116
MinimumVisualStudioVersion = 10.0.40219.1
Project("{FAE04EC0-301F-11D3-BF4B-00C04F79EFBC}") = "Resume_Manager", "Resume_Manager\Resume_Manager.csproj", "{DEE36E29-4434-4550-84B6-6EDE0348D39C}"
EndProject
Project("{FAE04EC0-301F-11D3-BF4B-00C04F79EFBC}") = "Resume_Manager_Tests", "Resume_Manager_Tests\Resume_Manager_Tests.csproj", "{6BDA0850-A5E1-4261-BE60-5031DE14136D}"
EndProject
Global
	GlobalSection(SolutionConfigurationPlatforms) = preSolution
		Debug|Any CPU = Debug|Any CPU
		Release|Any CPU = Release|Any CPU
	EndGlobalSection
	GlobalSection(ProjectConfigurationPlatforms) = postSolution
		{DEE36E29-4434-4550-84B6-6EDE0348D39C}.Debug|Any CPU.ActiveCfg = Debug|Any CPU
		{DEE36E29-4434-4550-84B6-6EDE0348D39C}.Debug|Any CPU.Build.0 = Debug|Any CPU
		{DEE36E29-4434-4550-84B6-6EDE0348D39C}.Release|Any CPU.ActiveCfg = Release|Any CPU
		{DEE36E29-4434-4550-84B6-6EDE0348D39C}.Release|Any CPU.Build.0 = Release|Any CPU
		{6BDA0850-A5E1-4261-BE60-5031DE14136D}.Debug|Any CPU.ActiveCfg = Debug|Any CPU
		{6BDA0850-A5E1-4261-BE60-5031DE14136D}.Debug|Any CPU.Build.0 = Debug|Any CPU
		{6BDA0850-A5E1-4261-BE60-5031DE14136D}.Release|Any CPU.ActiveCfg = Release|Any CPU
		{6BDA0850-A5E1-4261-BE60-5031DE14136D}.Release|Any CPU.Build.0 = Release|Any CPU
	EndGlobalSection
	GlobalSection(SolutionProperties) = preSolution
		HideSolutionNode = FALSE
	EndGlobalSection
	GlobalSection(ExtensibilityGlobals) = postSolution
		SolutionGuid = {53392FAC-A15E-4320-8B6E-9A35E69FC786}
	EndGlobalSection
EndGlobal
